// !$*UTF8*$!
{
	archiveVersion = 1;
	classes = {
	};
	objectVersion = 50;
	objects = {

/* Begin PBXBuildFile section */
		2F20C6DB2286954D00882ED1 /* SubViewController.swift in Sources */ = {isa = PBXBuildFile; fileRef = 2F20C6DA2286954D00882ED1 /* SubViewController.swift */; };
		2F76494F2286546800508F97 /* AppDelegate.swift in Sources */ = {isa = PBXBuildFile; fileRef = 2F76494E2286546800508F97 /* AppDelegate.swift */; };
		2F7649512286546800508F97 /* ViewController.swift in Sources */ = {isa = PBXBuildFile; fileRef = 2F7649502286546800508F97 /* ViewController.swift */; };
		2F7649542286546800508F97 /* Main.storyboard in Resources */ = {isa = PBXBuildFile; fileRef = 2F7649522286546800508F97 /* Main.storyboard */; };
		2F7649562286546800508F97 /* Assets.xcassets in Resources */ = {isa = PBXBuildFile; fileRef = 2F7649552286546800508F97 /* Assets.xcassets */; };
		2F7649592286546800508F97 /* LaunchScreen.storyboard in Resources */ = {isa = PBXBuildFile; fileRef = 2F7649572286546800508F97 /* LaunchScreen.storyboard */; };
		2F7649642286546800508F97 /* Temperature_ConvertorTests.swift in Sources */ = {isa = PBXBuildFile; fileRef = 2F7649632286546800508F97 /* Temperature_ConvertorTests.swift */; };
		2F76496F2286546800508F97 /* Temperature_ConvertorUITests.swift in Sources */ = {isa = PBXBuildFile; fileRef = 2F76496E2286546800508F97 /* Temperature_ConvertorUITests.swift */; };
/* End PBXBuildFile section */

/* Begin PBXContainerItemProxy section */
		2F7649602286546800508F97 /* PBXContainerItemProxy */ = {
			isa = PBXContainerItemProxy;
			containerPortal = 2F7649432286546700508F97 /* Project object */;
			proxyType = 1;
			remoteGlobalIDString = 2F76494A2286546800508F97;
			remoteInfo = "Temperature Convertor";
		};
		2F76496B2286546800508F97 /* PBXContainerItemProxy */ = {
			isa = PBXContainerItemProxy;
			containerPortal = 2F7649432286546700508F97 /* Project object */;
			proxyType = 1;
			remoteGlobalIDString = 2F76494A2286546800508F97;
			remoteInfo = "Temperature Convertor";
		};
/* End PBXContainerItemProxy section */

/* Begin PBXFileReference section */
		2F20C6DA2286954D00882ED1 /* SubViewController.swift */ = {isa = PBXFileReference; lastKnownFileType = sourcecode.swift; path = SubViewController.swift; sourceTree = "<group>"; };
		2F76494B2286546800508F97 /* Temperature Convertor.app */ = {isa = PBXFileReference; explicitFileType = wrapper.application; includeInIndex = 0; path = "Temperature Convertor.app"; sourceTree = BUILT_PRODUCTS_DIR; };
		2F76494E2286546800508F97 /* AppDelegate.swift */ = {isa = PBXFileReference; lastKnownFileType = sourcecode.swift; path = AppDelegate.swift; sourceTree = "<group>"; };
		2F7649502286546800508F97 /* ViewController.swift */ = {isa = PBXFileReference; lastKnownFileType = sourcecode.swift; path = ViewController.swift; sourceTree = "<group>"; };
		2F7649532286546800508F97 /* Base */ = {isa = PBXFileReference; lastKnownFileType = file.storyboard; name = Base; path = Base.lproj/Main.storyboard; sourceTree = "<group>"; };
		2F7649552286546800508F97 /* Assets.xcassets */ = {isa = PBXFileReference; lastKnownFileType = folder.assetcatalog; path = Assets.xcassets; sourceTree = "<group>"; };
		2F7649582286546800508F97 /* Base */ = {isa = PBXFileReference; lastKnownFileType = file.storyboard; name = Base; path = Base.lproj/LaunchScreen.storyboard; sourceTree = "<group>"; };
		2F76495A2286546800508F97 /* Info.plist */ = {isa = PBXFileReference; lastKnownFileType = text.plist.xml; path = Info.plist; sourceTree = "<group>"; };
		2F76495F2286546800508F97 /* Temperature ConvertorTests.xctest */ = {isa = PBXFileReference; explicitFileType = wrapper.cfbundle; includeInIndex = 0; path = "Temperature ConvertorTests.xctest"; sourceTree = BUILT_PRODUCTS_DIR; };
		2F7649632286546800508F97 /* Temperature_ConvertorTests.swift */ = {isa = PBXFileReference; lastKnownFileType = sourcecode.swift; path = Temperature_ConvertorTests.swift; sourceTree = "<group>"; };
		2F7649652286546800508F97 /* Info.plist */ = {isa = PBXFileReference; lastKnownFileType = text.plist.xml; path = Info.plist; sourceTree = "<group>"; };
		2F76496A2286546800508F97 /* Temperature ConvertorUITests.xctest */ = {isa = PBXFileReference; explicitFileType = wrapper.cfbundle; includeInIndex = 0; path = "Temperature ConvertorUITests.xctest"; sourceTree = BUILT_PRODUCTS_DIR; };
		2F76496E2286546800508F97 /* Temperature_ConvertorUITests.swift */ = {isa = PBXFileReference; lastKnownFileType = sourcecode.swift; path = Temperature_ConvertorUITests.swift; sourceTree = "<group>"; };
		2F7649702286546800508F97 /* Info.plist */ = {isa = PBXFileReference; lastKnownFileType = text.plist.xml; path = Info.plist; sourceTree = "<group>"; };
/* End PBXFileReference section */

/* Begin PBXFrameworksBuildPhase section */
		2F7649482286546800508F97 /* Frameworks */ = {
			isa = PBXFrameworksBuildPhase;
			buildActionMask = 2147483647;
			files = (
			);
			runOnlyForDeploymentPostprocessing = 0;
		};
		2F76495C2286546800508F97 /* Frameworks */ = {
			isa = PBXFrameworksBuildPhase;
			buildActionMask = 2147483647;
			files = (
			);
			runOnlyForDeploymentPostprocessing = 0;
		};
		2F7649672286546800508F97 /* Frameworks */ = {
			isa = PBXFrameworksBuildPhase;
			buildActionMask = 2147483647;
			files = (
			);
			runOnlyForDeploymentPostprocessing = 0;
		};
/* End PBXFrameworksBuildPhase section */

/* Begin PBXGroup section */
		2F7649422286546700508F97 = {
			isa = PBXGroup;
			children = (
				2F76494D2286546800508F97 /* Temperature Convertor */,
				2F7649622286546800508F97 /* Temperature ConvertorTests */,
				2F76496D2286546800508F97 /* Temperature ConvertorUITests */,
				2F76494C2286546800508F97 /* Products */,
			);
			sourceTree = "<group>";
		};
		2F76494C2286546800508F97 /* Products */ = {
			isa = PBXGroup;
			children = (
				2F76494B2286546800508F97 /* Temperature Convertor.app */,
				2F76495F2286546800508F97 /* Temperature ConvertorTests.xctest */,
				2F76496A2286546800508F97 /* Temperature ConvertorUITests.xctest */,
			);
			name = Products;
			sourceTree = "<group>";
		};
		2F76494D2286546800508F97 /* Temperature Convertor */ = {
			isa = PBXGroup;
			children = (
				2F76494E2286546800508F97 /* AppDelegate.swift */,
				2F7649502286546800508F97 /* ViewController.swift */,
				2F7649522286546800508F97 /* Main.storyboard */,
				2F7649552286546800508F97 /* Assets.xcassets */,
				2F7649572286546800508F97 /* LaunchScreen.storyboard */,
				2F76495A2286546800508F97 /* Info.plist */,
				2F20C6DA2286954D00882ED1 /* SubViewController.swift */,
			);
			path = "Temperature Convertor";
			sourceTree = "<group>";
		};
		2F7649622286546800508F97 /* Temperature ConvertorTests */ = {
			isa = PBXGroup;
			children = (
				2F7649632286546800508F97 /* Temperature_ConvertorTests.swift */,
				2F7649652286546800508F97 /* Info.plist */,
			);
			path = "Temperature ConvertorTests";
			sourceTree = "<group>";
		};
		2F76496D2286546800508F97 /* Temperature ConvertorUITests */ = {
			isa = PBXGroup;
			children = (
				2F76496E2286546800508F97 /* Temperature_ConvertorUITests.swift */,
				2F7649702286546800508F97 /* Info.plist */,
			);
			path = "Temperature ConvertorUITests";
			sourceTree = "<group>";
		};
/* End PBXGroup section */

/* Begin PBXNativeTarget section */
		2F76494A2286546800508F97 /* Temperature Convertor */ = {
			isa = PBXNativeTarget;
			buildConfigurationList = 2F7649732286546800508F97 /* Build configuration list for PBXNativeTarget "Temperature Convertor" */;
			buildPhases = (
				2F7649472286546800508F97 /* Sources */,
				2F7649482286546800508F97 /* Frameworks */,
				2F7649492286546800508F97 /* Resources */,
			);
			buildRules = (
			);
			dependencies = (
			);
			name = "Temperature Convertor";
			productName = "Temperature Convertor";
			productReference = 2F76494B2286546800508F97 /* Temperature Convertor.app */;
			productType = "com.apple.product-type.application";
		};
		2F76495E2286546800508F97 /* Temperature ConvertorTests */ = {
			isa = PBXNativeTarget;
			buildConfigurationList = 2F7649762286546800508F97 /* Build configuration list for PBXNativeTarget "Temperature ConvertorTests" */;
			buildPhases = (
				2F76495B2286546800508F97 /* Sources */,
				2F76495C2286546800508F97 /* Frameworks */,
				2F76495D2286546800508F97 /* Resources */,
			);
			buildRules = (
			);
			dependencies = (
				2F7649612286546800508F97 /* PBXTargetDependency */,
			);
			name = "Temperature ConvertorTests";
			productName = "Temperature ConvertorTests";
			productReference = 2F76495F2286546800508F97 /* Temperature ConvertorTests.xctest */;
			productType = "com.apple.product-type.bundle.unit-test";
		};
		2F7649692286546800508F97 /* Temperature ConvertorUITests */ = {
			isa = PBXNativeTarget;
			buildConfigurationList = 2F7649792286546800508F97 /* Build configuration list for PBXNativeTarget "Temperature ConvertorUITests" */;
			buildPhases = (
				2F7649662286546800508F97 /* Sources */,
				2F7649672286546800508F97 /* Frameworks */,
				2F7649682286546800508F97 /* Resources */,
			);
			buildRules = (
			);
			dependencies = (
				2F76496C2286546800508F97 /* PBXTargetDependency */,
			);
			name = "Temperature ConvertorUITests";
			productName = "Temperature ConvertorUITests";
			productReference = 2F76496A2286546800508F97 /* Temperature ConvertorUITests.xctest */;
			productType = "com.apple.product-type.bundle.ui-testing";
		};
/* End PBXNativeTarget section */

/* Begin PBXProject section */
		2F7649432286546700508F97 /* Project object */ = {
			isa = PBXProject;
			attributes = {
				LastSwiftUpdateCheck = 1010;
				LastUpgradeCheck = 1010;
				ORGANIZATIONNAME = SJSU;
				TargetAttributes = {
					2F76494A2286546800508F97 = {
						CreatedOnToolsVersion = 10.1;
					};
					2F76495E2286546800508F97 = {
						CreatedOnToolsVersion = 10.1;
						TestTargetID = 2F76494A2286546800508F97;
					};
					2F7649692286546800508F97 = {
						CreatedOnToolsVersion = 10.1;
						TestTargetID = 2F76494A2286546800508F97;
					};
				};
			};
			buildConfigurationList = 2F7649462286546700508F97 /* Build configuration list for PBXProject "Temperature Convertor" */;
			compatibilityVersion = "Xcode 9.3";
			developmentRegion = en;
			hasScannedForEncodings = 0;
			knownRegions = (
				en,
				Base,
			);
			mainGroup = 2F7649422286546700508F97;
			productRefGroup = 2F76494C2286546800508F97 /* Products */;
			projectDirPath = "";
			projectRoot = "";
			targets = (
				2F76494A2286546800508F97 /* Temperature Convertor */,
				2F76495E2286546800508F97 /* Temperature ConvertorTests */,
				2F7649692286546800508F97 /* Temperature ConvertorUITests */,
			);
		};
/* End PBXProject section */

/* Begin PBXResourcesBuildPhase section */
		2F7649492286546800508F97 /* Resources */ = {
			isa = PBXResourcesBuildPhase;
			buildActionMask = 2147483647;
			files = (
				2F7649592286546800508F97 /* LaunchScreen.storyboard in Resources */,
				2F7649562286546800508F97 /* Assets.xcassets in Resources */,
				2F7649542286546800508F97 /* Main.storyboard in Resources */,
			);
			runOnlyForDeploymentPostprocessing = 0;
		};
		2F76495D2286546800508F97 /* Resources */ = {
			isa = PBXResourcesBuildPhase;
			buildActionMask = 2147483647;
			files = (
			);
			runOnlyForDeploymentPostprocessing = 0;
		};
		2F7649682286546800508F97 /* Resources */ = {
			isa = PBXResourcesBuildPhase;
			buildActionMask = 2147483647;
			files = (
			);
			runOnlyForDeploymentPostprocessing = 0;
		};
/* End PBXResourcesBuildPhase section */

/* Begin PBXSourcesBuildPhase section */
		2F7649472286546800508F97 /* Sources */ = {
			isa = PBXSourcesBuildPhase;
			buildActionMask = 2147483647;
			files = (
				2F20C6DB2286954D00882ED1 /* SubViewController.swift in Sources */,
				2F7649512286546800508F97 /* ViewController.swift in Sources */,
				2F76494F2286546800508F97 /* AppDelegate.swift in Sources */,
			);
			runOnlyForDeploymentPostprocessing = 0;
		};
		2F76495B2286546800508F97 /* Sources */ = {
			isa = PBXSourcesBuildPhase;
			buildActionMask = 2147483647;
			files = (
				2F7649642286546800508F97 /* Temperature_ConvertorTests.swift in Sources */,
			);
			runOnlyForDeploymentPostprocessing = 0;
		};
		2F7649662286546800508F97 /* Sources */ = {
			isa = PBXSourcesBuildPhase;
			buildActionMask = 2147483647;
			files = (
				2F76496F2286546800508F97 /* Temperature_ConvertorUITests.swift in Sources */,
			);
			runOnlyForDeploymentPostprocessing = 0;
		};
/* End PBXSourcesBuildPhase section */

/* Begin PBXTargetDependency section */
		2F7649612286546800508F97 /* PBXTargetDependency */ = {
			isa = PBXTargetDependency;
			target = 2F76494A2286546800508F97 /* Temperature Convertor */;
			targetProxy = 2F7649602286546800508F97 /* PBXContainerItemProxy */;
		};
		2F76496C2286546800508F97 /* PBXTargetDependency */ = {
			isa = PBXTargetDependency;
			target = 2F76494A2286546800508F97 /* Temperature Convertor */;
			targetProxy = 2F76496B2286546800508F97 /* PBXContainerItemProxy */;
		};
/* End PBXTargetDependency section */

/* Begin PBXVariantGroup section */
		2F7649522286546800508F97 /* Main.storyboard */ = {
			isa = PBXVariantGroup;
			children = (
				2F7649532286546800508F97 /* Base */,
			);
			name = Main.storyboard;
			sourceTree = "<group>";
		};
		2F7649572286546800508F97 /* LaunchScreen.storyboard */ = {
			isa = PBXVariantGroup;
			children = (
				2F7649582286546800508F97 /* Base */,
			);
			name = LaunchScreen.storyboard;
			sourceTree = "<group>";
		};
/* End PBXVariantGroup section */

/* Begin XCBuildConfiguration section */
		2F7649712286546800508F97 /* Debug */ = {
			isa = XCBuildConfiguration;
			buildSettings = {
				ALWAYS_SEARCH_USER_PATHS = NO;
				CLANG_ANALYZER_NONNULL = YES;
				CLANG_ANALYZER_NUMBER_OBJECT_CONVERSION = YES_AGGRESSIVE;
				CLANG_CXX_LANGUAGE_STANDARD = "gnu++14";
				CLANG_CXX_LIBRARY = "libc++";
				CLANG_ENABLE_MODULES = YES;
				CLANG_ENABLE_OBJC_ARC = YES;
				CLANG_ENABLE_OBJC_WEAK = YES;
				CLANG_WARN_BLOCK_CAPTURE_AUTORELEASING = YES;
				CLANG_WARN_BOOL_CONVERSION = YES;
				CLANG_WARN_COMMA = YES;
				CLANG_WARN_CONSTANT_CONVERSION = YES;
				CLANG_WARN_DEPRECATED_OBJC_IMPLEMENTATIONS = YES;
				CLANG_WARN_DIRECT_OBJC_ISA_USAGE = YES_ERROR;
				CLANG_WARN_DOCUMENTATION_COMMENTS = YES;
				CLANG_WARN_EMPTY_BODY = YES;
				CLANG_WARN_ENUM_CONVERSION = YES;
				CLANG_WARN_INFINITE_RECURSION = YES;
				CLANG_WARN_INT_CONVERSION = YES;
				CLANG_WARN_NON_LITERAL_NULL_CONVERSION = YES;
				CLANG_WARN_OBJC_IMPLICIT_RETAIN_SELF = YES;
				CLANG_WARN_OBJC_LITERAL_CONVERSION = YES;
				CLANG_WARN_OBJC_ROOT_CLASS = YES_ERROR;
				CLANG_WARN_RANGE_LOOP_ANALYSIS = YES;
				CLANG_WARN_STRICT_PROTOTYPES = YES;
				CLANG_WARN_SUSPICIOUS_MOVE = YES;
				CLANG_WARN_UNGUARDED_AVAILABILITY = YES_AGGRESSIVE;
				CLANG_WARN_UNREACHABLE_CODE = YES;
				CLANG_WARN__DUPLICATE_METHOD_MATCH = YES;
				CODE_SIGN_IDENTITY = "iPhone Developer";
				COPY_PHASE_STRIP = NO;
				DEBUG_INFORMATION_FORMAT = dwarf;
				ENABLE_STRICT_OBJC_MSGSEND = YES;
				ENABLE_TESTABILITY = YES;
				GCC_C_LANGUAGE_STANDARD = gnu11;
				GCC_DYNAMIC_NO_PIC = NO;
				GCC_NO_COMMON_BLOCKS = YES;
				GCC_OPTIMIZATION_LEVEL = 0;
				GCC_PREPROCESSOR_DEFINITIONS = (
					"DEBUG=1",
					"$(inherited)",
				);
				GCC_WARN_64_TO_32_BIT_CONVERSION = YES;
				GCC_WARN_ABOUT_RETURN_TYPE = YES_ERROR;
				GCC_WARN_UNDECLARED_SELECTOR = YES;
				GCC_WARN_UNINITIALIZED_AUTOS = YES_AGGRESSIVE;
				GCC_WARN_UNUSED_FUNCTION = YES;
				GCC_WARN_UNUSED_VARIABLE = YES;
				IPHONEOS_DEPLOYMENT_TARGET = 12.1;
				MTL_ENABLE_DEBUG_INFO = INCLUDE_SOURCE;
				MTL_FAST_MATH = YES;
				ONLY_ACTIVE_ARCH = YES;
				SDKROOT = iphoneos;
				SWIFT_ACTIVE_COMPILATION_CONDITIONS = DEBUG;
				SWIFT_OPTIMIZATION_LEVEL = "-Onone";
			};
			name = Debug;
		};
		2F7649722286546800508F97 /* Release */ = {
			isa = XCBuildConfiguration;
			buildSettings = {
				ALWAYS_SEARCH_USER_PATHS = NO;
				CLANG_ANALYZER_NONNULL = YES;
				CLANG_ANALYZER_NUMBER_OBJECT_CONVERSION = YES_AGGRESSIVE;
				CLANG_CXX_LANGUAGE_STANDARD = "gnu++14";
				CLANG_CXX_LIBRARY = "libc++";
				CLANG_ENABLE_MODULES = YES;
				CLANG_ENABLE_OBJC_ARC = YES;
				CLANG_ENABLE_OBJC_WEAK = YES;
				CLANG_WARN_BLOCK_CAPTURE_AUTORELEASING = YES;
				CLANG_WARN_BOOL_CONVERSION = YES;
				CLANG_WARN_COMMA = YES;
				CLANG_WARN_CONSTANT_CONVERSION = YES;
				CLANG_WARN_DEPRECATED_OBJC_IMPLEMENTATIONS = YES;
				CLANG_WARN_DIRECT_OBJC_ISA_USAGE = YES_ERROR;
				CLANG_WARN_DOCUMENTATION_COMMENTS = YES;
				CLANG_WARN_EMPTY_BODY = YES;
				CLANG_WARN_ENUM_CONVERSION = YES;
				CLANG_WARN_INFINITE_RECURSION = YES;
				CLANG_WARN_INT_CONVERSION = YES;
				CLANG_WARN_NON_LITERAL_NULL_CONVERSION = YES;
				CLANG_WARN_OBJC_IMPLICIT_RETAIN_SELF = YES;
				CLANG_WARN_OBJC_LITERAL_CONVERSION = YES;
				CLANG_WARN_OBJC_ROOT_CLASS = YES_ERROR;
				CLANG_WARN_RANGE_LOOP_ANALYSIS = YES;
				CLANG_WARN_STRICT_PROTOTYPES = YES;
				CLANG_WARN_SUSPICIOUS_MOVE = YES;
				CLANG_WARN_UNGUARDED_AVAILABILITY = YES_AGGRESSIVE;
				CLANG_WARN_UNREACHABLE_CODE = YES;
				CLANG_WARN__DUPLICATE_METHOD_MATCH = YES;
				CODE_SIGN_IDENTITY = "iPhone Developer";
				COPY_PHASE_STRIP = NO;
				DEBUG_INFORMATION_FORMAT = "dwarf-with-dsym";
				ENABLE_NS_ASSERTIONS = NO;
				ENABLE_STRICT_OBJC_MSGSEND = YES;
				GCC_C_LANGUAGE_STANDARD = gnu11;
				GCC_NO_COMMON_BLOCKS = YES;
				GCC_WARN_64_TO_32_BIT_CONVERSION = YES;
				GCC_WARN_ABOUT_RETURN_TYPE = YES_ERROR;
				GCC_WARN_UNDECLARED_SELECTOR = YES;
				GCC_WARN_UNINITIALIZED_AUTOS = YES_AGGRESSIVE;
				GCC_WARN_UNUSED_FUNCTION = YES;
				GCC_WARN_UNUSED_VARIABLE = YES;
				IPHONEOS_DEPLOYMENT_TARGET = 12.1;
				MTL_ENABLE_DEBUG_INFO = NO;
				MTL_FAST_MATH = YES;
				SDKROOT = iphoneos;
				SWIFT_COMPILATION_MODE = wholemodule;
				SWIFT_OPTIMIZATION_LEVEL = "-O";
				VALIDATE_PRODUCT = YES;
			};
			name = Release;
		};
		2F7649742286546800508F97 /* Debug */ = {
			isa = XCBuildConfiguration;
			buildSettings = {
				ASSETCATALOG_COMPILER_APPICON_NAME = AppIcon;
				CODE_SIGN_STYLE = Automatic;
				INFOPLIST_FILE = "Temperature Convertor/Info.plist";
				LD_RUNPATH_SEARCH_PATHS = (
					"$(inherited)",
					"@executable_path/Frameworks",
				);
				PRODUCT_BUNDLE_IDENTIFIER = "SJSU.Temperature-Convertor";
				PRODUCT_NAME = "$(TARGET_NAME)";
				SWIFT_VERSION = 4.2;
				TARGETED_DEVICE_FAMILY = "1,2";
			};
			name = Debug;
		};
		2F7649752286546800508F97 /* Release */ = {
			isa = XCBuildConfiguration;
			buildSettings = {
				ASSETCATALOG_COMPILER_APPICON_NAME = AppIcon;
				CODE_SIGN_STYLE = Automatic;
				INFOPLIST_FILE = "Temperature Convertor/Info.plist";
				LD_RUNPATH_SEARCH_PATHS = (
					"$(inherited)",
					"@executable_path/Frameworks",
				);
				PRODUCT_BUNDLE_IDENTIFIER = "SJSU.Temperature-Convertor";
				PRODUCT_NAME = "$(TARGET_NAME)";
				SWIFT_VERSION = 4.2;
				TARGETED_DEVICE_FAMILY = "1,2";
			};
			name = Release;
		};
		2F7649772286546800508F97 /* Debug */ = {
			isa = XCBuildConfiguration;
			buildSettings = {
				ALWAYS_EMBED_SWIFT_STANDARD_LIBRARIES = YES;
				BUNDLE_LOADER = "$(TEST_HOST)";
				CODE_SIGN_STYLE = Automatic;
				INFOPLIST_FILE = "Temperature ConvertorTests/Info.plist";
				LD_RUNPATH_SEARCH_PATHS = (
					"$(inherited)",
					"@executable_path/Frameworks",
					"@loader_path/Frameworks",
				);
				PRODUCT_BUNDLE_IDENTIFIER = "SJSU.Temperature-ConvertorTests";
				PRODUCT_NAME = "$(TARGET_NAME)";
				SWIFT_VERSION = 4.2;
				TARGETED_DEVICE_FAMILY = "1,2";
				TEST_HOST = "$(BUILT_PRODUCTS_DIR)/Temperature Convertor.app/Temperature Convertor";
			};
			name = Debug;
		};
		2F7649782286546800508F97 /* Release */ = {
			isa = XCBuildConfiguration;
			buildSettings = {
				ALWAYS_EMBED_SWIFT_STANDARD_LIBRARIES = YES;
				BUNDLE_LOADER = "$(TEST_HOST)";
				CODE_SIGN_STYLE = Automatic;
				INFOPLIST_FILE = "Temperature ConvertorTests/Info.plist";
				LD_RUNPATH_SEARCH_PATHS = (
					"$(inherited)",
					"@executable_path/Frameworks",
					"@loader_path/Frameworks",
				);
				PRODUCT_BUNDLE_IDENTIFIER = "SJSU.Temperature-ConvertorTests";
				PRODUCT_NAME = "$(TARGET_NAME)";
				SWIFT_VERSION = 4.2;
				TARGETED_DEVICE_FAMILY = "1,2";
				TEST_HOST = "$(BUILT_PRODUCTS_DIR)/Temperature Convertor.app/Temperature Convertor";
			};
			name = Release;
		};
		2F76497A2286546800508F97 /* Debug */ = {
			isa = XCBuildConfiguration;
			buildSettings = {
				ALWAYS_EMBED_SWIFT_STANDARD_LIBRARIES = YES;
				CODE_SIGN_STYLE = Automatic;
				INFOPLIST_FILE = "Temperature ConvertorUITests/Info.plist";
				LD_RUNPATH_SEARCH_PATHS = (
					"$(inherited)",
					"@executable_path/Frameworks",
					"@loader_path/Frameworks",
				);
				PRODUCT_BUNDLE_IDENTIFIER = "SJSU.Temperature-ConvertorUITests";
				PRODUCT_NAME = "$(TARGET_NAME)";
				SWIFT_VERSION = 4.2;
				TARGETED_DEVICE_FAMILY = "1,2";
				TEST_TARGET_NAME = "Temperature Convertor";
			};
			name = Debug;
		};
		2F76497B2286546800508F97 /* Release */ = {
			isa = XCBuildConfiguration;
			buildSettings = {
				ALWAYS_EMBED_SWIFT_STANDARD_LIBRARIES = YES;
				CODE_SIGN_STYLE = Automatic;
				INFOPLIST_FILE = "Temperature ConvertorUITests/Info.plist";
				LD_RUNPATH_SEARCH_PATHS = (
					"$(inherited)",
					"@executable_path/Frameworks",
					"@loader_path/Frameworks",
				);
				PRODUCT_BUNDLE_IDENTIFIER = "SJSU.Temperature-ConvertorUITests";
				PRODUCT_NAME = "$(TARGET_NAME)";
				SWIFT_VERSION = 4.2;
				TARGETED_DEVICE_FAMILY = "1,2";
				TEST_TARGET_NAME = "Temperature Convertor";
			};
			name = Release;
		};
/* End XCBuildConfiguration section */

/* Begin XCConfigurationList section */
		2F7649462286546700508F97 /* Build configuration list for PBXProject "Temperature Convertor" */ = {
			isa = XCConfigurationList;
			buildConfigurations = (
				2F7649712286546800508F97 /* Debug */,
				2F7649722286546800508F97 /* Release */,
			);
			defaultConfigurationIsVisible = 0;
			defaultConfigurationName = Release;
		};
		2F7649732286546800508F97 /* Build configuration list for PBXNativeTarget "Temperature Convertor" */ = {
			isa = XCConfigurationList;
			buildConfigurations = (
				2F7649742286546800508F97 /* Debug */,
				2F7649752286546800508F97 /* Release */,
			);
			defaultConfigurationIsVisible = 0;
			defaultConfigurationName = Release;
		};
		2F7649762286546800508F97 /* Build configuration list for PBXNativeTarget "Temperature ConvertorTests" */ = {
			isa = XCConfigurationList;
			buildConfigurations = (
				2F7649772286546800508F97 /* Debug */,
				2F7649782286546800508F97 /* Release */,
			);
			defaultConfigurationIsVisible = 0;
			defaultConfigurationName = Release;
		};
		2F7649792286546800508F97 /* Build configuration list for PBXNativeTarget "Temperature ConvertorUITests" */ = {
			isa = XCConfigurationList;
			buildConfigurations = (
				2F76497A2286546800508F97 /* Debug */,
				2F76497B2286546800508F97 /* Release */,
			);
			defaultConfigurationIsVisible = 0;
			defaultConfigurationName = Release;
		};
/* End XCConfigurationList section */
	};
	rootObject = 2F7649432286546700508F97 /* Project object */;
}
